
Microsoft Visual Studio Solution File, Format Version 12.00
# Visual Studio Version 16
VisualStudioVersion = 16.0.29709.97
MinimumVisualStudioVersion = 10.0.40219.1
Project("{8BC9CEB8-8B4A-11D0-8D11-00A0C91BC942}") = "bunai", "bunai\bunai.vcxproj", "{CCDDF7FF-CB6F-4013-814D-8EC213383343}"
EndProject
Global
	GlobalSection(SolutionConfigurationPlatforms) = preSolution
		Debug|x64 = Debug|x64
		Release|x64 = Release|x64
	EndGlobalSection
	GlobalSection(ProjectConfigurationPlatforms) = postSolution
		{CCDDF7FF-CB6F-4013-814D-8EC213383343}.Debug|x64.ActiveCfg = Debug|x64
		{CCDDF7FF-CB6F-4013-814D-8EC213383343}.Debug|x64.Build.0 = Debug|x64
		{CCDDF7FF-CB6F-4013-814D-8EC213383343}.Release|x64.ActiveCfg = Release|x64
		{CCDDF7FF-CB6F-4013-814D-8EC213383343}.Release|x64.Build.0 = Release|x64
	EndGlobalSection
	GlobalSection(SolutionProperties) = preSolution
		HideSolutionNode = FALSE
	EndGlobalSection
	GlobalSection(ExtensibilityGlobals) = postSolution
		SolutionGuid = {5FE7137A-A054-4C30-A09F-FA0E86AF47BE}
	EndGlobalSection
EndGlobal
